// !$*UTF8*$!
{
	archiveVersion = 1;
	classes = {
	};
	objectVersion = 55;
	objects = {

/* Begin PBXBuildFile section */
		1312336C27D3CA2600E6047F /* Reachability.swift in Sources */ = {isa = PBXBuildFile; fileRef = 1312336B27D3CA2600E6047F /* Reachability.swift */; };
		132E4D1E27D0C34C00C4B001 /* URL .swift in Sources */ = {isa = PBXBuildFile; fileRef = 132E4D1D27D0C34C00C4B001 /* URL .swift */; };
		132E4D2027D0C92500C4B001 /* String.swift in Sources */ = {isa = PBXBuildFile; fileRef = 132E4D1F27D0C92500C4B001 /* String.swift */; };
		132E4D2227D0E4FF00C4B001 /* Hours.swift in Sources */ = {isa = PBXBuildFile; fileRef = 132E4D2127D0E4FF00C4B001 /* Hours.swift */; };
		132E4D2427D0E60500C4B001 /* Photo.swift in Sources */ = {isa = PBXBuildFile; fileRef = 132E4D2327D0E60500C4B001 /* Photo.swift */; };
		132E4D2627D0E67C00C4B001 /* SocialMedia.swift in Sources */ = {isa = PBXBuildFile; fileRef = 132E4D2527D0E67C00C4B001 /* SocialMedia.swift */; };
		13561A9527CAAF7000F4E5F6 /* FoursquarePlacesApp.swift in Sources */ = {isa = PBXBuildFile; fileRef = 13561A9427CAAF7000F4E5F6 /* FoursquarePlacesApp.swift */; };
		13561A9727CAAF7000F4E5F6 /* HomeView.swift in Sources */ = {isa = PBXBuildFile; fileRef = 13561A9627CAAF7000F4E5F6 /* HomeView.swift */; };
		13561A9927CAAF7100F4E5F6 /* Assets.xcassets in Resources */ = {isa = PBXBuildFile; fileRef = 13561A9827CAAF7100F4E5F6 /* Assets.xcassets */; };
		13561A9C27CAAF7100F4E5F6 /* Preview Assets.xcassets in Resources */ = {isa = PBXBuildFile; fileRef = 13561A9B27CAAF7100F4E5F6 /* Preview Assets.xcassets */; };
		13561AA627CAAF7100F4E5F6 /* FoursquarePlacesTests.swift in Sources */ = {isa = PBXBuildFile; fileRef = 13561AA527CAAF7100F4E5F6 /* FoursquarePlacesTests.swift */; };
		13561AB027CAAF7100F4E5F6 /* FoursquarePlacesUITests.swift in Sources */ = {isa = PBXBuildFile; fileRef = 13561AAF27CAAF7100F4E5F6 /* FoursquarePlacesUITests.swift */; };
		13561AB227CAAF7100F4E5F6 /* FoursquarePlacesUITestsLaunchTests.swift in Sources */ = {isa = PBXBuildFile; fileRef = 13561AB127CAAF7100F4E5F6 /* FoursquarePlacesUITestsLaunchTests.swift */; };
		13561AC827CAB29C00F4E5F6 /* AppState.swift in Sources */ = {isa = PBXBuildFile; fileRef = 13561AC727CAB29C00F4E5F6 /* AppState.swift */; };
		13561ACA27CAB2AA00F4E5F6 /* PlacesState.swift in Sources */ = {isa = PBXBuildFile; fileRef = 13561AC927CAB2AA00F4E5F6 /* PlacesState.swift */; };
		13561ACC27CAB2EA00F4E5F6 /* Place.swift in Sources */ = {isa = PBXBuildFile; fileRef = 13561ACB27CAB2EA00F4E5F6 /* Place.swift */; };
		13561ACE27CAB33800F4E5F6 /* Categories.swift in Sources */ = {isa = PBXBuildFile; fileRef = 13561ACD27CAB33800F4E5F6 /* Categories.swift */; };
		13561AD027CAB36400F4E5F6 /* Icon.swift in Sources */ = {isa = PBXBuildFile; fileRef = 13561ACF27CAB36400F4E5F6 /* Icon.swift */; };
		13561AD227CAB3C500F4E5F6 /* Geocode.swift in Sources */ = {isa = PBXBuildFile; fileRef = 13561AD127CAB3C500F4E5F6 /* Geocode.swift */; };
		13561AD427CAB4AC00F4E5F6 /* Location.swift in Sources */ = {isa = PBXBuildFile; fileRef = 13561AD327CAB4AC00F4E5F6 /* Location.swift */; };
		13561AD627CAB8A400F4E5F6 /* PlacesActions.swift in Sources */ = {isa = PBXBuildFile; fileRef = 13561AD527CAB8A400F4E5F6 /* PlacesActions.swift */; };
		13561AD827CABD2E00F4E5F6 /* AppReducer.swift in Sources */ = {isa = PBXBuildFile; fileRef = 13561AD727CABD2E00F4E5F6 /* AppReducer.swift */; };
		13561ADA27CABE0600F4E5F6 /* PlaceReducer.swift in Sources */ = {isa = PBXBuildFile; fileRef = 13561AD927CABE0600F4E5F6 /* PlaceReducer.swift */; };
		13561AE027CAC19300F4E5F6 /* Store.swift in Sources */ = {isa = PBXBuildFile; fileRef = 13561ADF27CAC19300F4E5F6 /* Store.swift */; };
		13565E7A27CB4D7B00FE5E01 /* SwiftUIFlux in Frameworks */ = {isa = PBXBuildFile; productRef = 13565E7927CB4D7B00FE5E01 /* SwiftUIFlux */; };
		13565E7C27CB4D9900FE5E01 /* NetworkManager.swift in Sources */ = {isa = PBXBuildFile; fileRef = 13565E7B27CB4D9900FE5E01 /* NetworkManager.swift */; };
		13565E7E27CB4E7C00FE5E01 /* URLRequestBuilder.swift in Sources */ = {isa = PBXBuildFile; fileRef = 13565E7D27CB4E7C00FE5E01 /* URLRequestBuilder.swift */; };
		13565E8127CB4EA000FE5E01 /* AppEnvironement.swift in Sources */ = {isa = PBXBuildFile; fileRef = 13565E8027CB4EA000FE5E01 /* AppEnvironement.swift */; };
		13565E8427CB524100FE5E01 /* PlacesAPIs.swift in Sources */ = {isa = PBXBuildFile; fileRef = 13565E8327CB524100FE5E01 /* PlacesAPIs.swift */; };
		13565E8727CB52D400FE5E01 /* Constants.swift in Sources */ = {isa = PBXBuildFile; fileRef = 13565E8627CB52D400FE5E01 /* Constants.swift */; };
		13565E8927CB567E00FE5E01 /* Endpoints.swift in Sources */ = {isa = PBXBuildFile; fileRef = 13565E8827CB567E00FE5E01 /* Endpoints.swift */; };
		13565E8B27CB71D300FE5E01 /* PlaceView.swift in Sources */ = {isa = PBXBuildFile; fileRef = 13565E8A27CB71D300FE5E01 /* PlaceView.swift */; };
		13565E9327CB962F00FE5E01 /* Vazir-Light.ttf in Resources */ = {isa = PBXBuildFile; fileRef = 13565E8D27CB962F00FE5E01 /* Vazir-Light.ttf */; };
		13565E9427CB962F00FE5E01 /* Vazir-Regular.ttf in Resources */ = {isa = PBXBuildFile; fileRef = 13565E8E27CB962F00FE5E01 /* Vazir-Regular.ttf */; };
		13565E9527CB962F00FE5E01 /* Vazir-Medium.ttf in Resources */ = {isa = PBXBuildFile; fileRef = 13565E8F27CB962F00FE5E01 /* Vazir-Medium.ttf */; };
		13565E9627CB962F00FE5E01 /* Vazir-Thin.ttf in Resources */ = {isa = PBXBuildFile; fileRef = 13565E9027CB962F00FE5E01 /* Vazir-Thin.ttf */; };
		13565E9727CB962F00FE5E01 /* Vazir-Bold.ttf in Resources */ = {isa = PBXBuildFile; fileRef = 13565E9127CB962F00FE5E01 /* Vazir-Bold.ttf */; };
		13565E9827CB962F00FE5E01 /* Vazir-Black.ttf in Resources */ = {isa = PBXBuildFile; fileRef = 13565E9227CB962F00FE5E01 /* Vazir-Black.ttf */; };
		1377858927D14B6700C3410E /* LocationManager.swift in Sources */ = {isa = PBXBuildFile; fileRef = 1377858827D14B6700C3410E /* LocationManager.swift */; };
		1377858B27D162B200C3410E /* LocationState.swift in Sources */ = {isa = PBXBuildFile; fileRef = 1377858A27D162B200C3410E /* LocationState.swift */; };
		1377858D27D1633900C3410E /* LocationReducer.swift in Sources */ = {isa = PBXBuildFile; fileRef = 1377858C27D1633900C3410E /* LocationReducer.swift */; };
		1377858F27D163A400C3410E /* LocationActions.swift in Sources */ = {isa = PBXBuildFile; fileRef = 1377858E27D163A400C3410E /* LocationActions.swift */; };
		1377859727D183F200C3410E /* DatabaseManager.swift in Sources */ = {isa = PBXBuildFile; fileRef = 1377859627D183F200C3410E /* DatabaseManager.swift */; };
		138CEDF527D30D8C00475647 /* PlaceDetailView.swift in Sources */ = {isa = PBXBuildFile; fileRef = 138CEDF427D30D8C00475647 /* PlaceDetailView.swift */; };
		138CEDF727D30DF200475647 /* TipView.swift in Sources */ = {isa = PBXBuildFile; fileRef = 138CEDF627D30DF200475647 /* TipView.swift */; };
		138CEDF927D30E3200475647 /* Font.swift in Sources */ = {isa = PBXBuildFile; fileRef = 138CEDF827D30E3200475647 /* Font.swift */; };
		138CEDFD27D30F1D00475647 /* BlurBackground.swift in Sources */ = {isa = PBXBuildFile; fileRef = 138CEDFC27D30F1D00475647 /* BlurBackground.swift */; };
		138CEDFF27D30FA500475647 /* PriceClass.swift in Sources */ = {isa = PBXBuildFile; fileRef = 138CEDFE27D30FA500475647 /* PriceClass.swift */; };
		138CEE0327D30FEC00475647 /* MapView.swift in Sources */ = {isa = PBXBuildFile; fileRef = 138CEE0227D30FEC00475647 /* MapView.swift */; };
		138CEE0527D3101500475647 /* StatusView.swift in Sources */ = {isa = PBXBuildFile; fileRef = 138CEE0427D3101500475647 /* StatusView.swift */; };
		13C48C8B27D2F6C3002B83E5 /* MyAppDelegate.swift in Sources */ = {isa = PBXBuildFile; fileRef = 13C48C8A27D2F6C3002B83E5 /* MyAppDelegate.swift */; };
		1593BDBFCBE0B8E6AA17F4CC /* Pods_FoursquarePlaces.framework in Frameworks */ = {isa = PBXBuildFile; fileRef = 7D04254CB343B43ED45F7B86 /* Pods_FoursquarePlaces.framework */; };
		617454122541BBF2617A6D07 /* Pods_FoursquarePlacesTests.framework in Frameworks */ = {isa = PBXBuildFile; fileRef = C76A034F40E22BC06E2E4899 /* Pods_FoursquarePlacesTests.framework */; };
		8E03F01EC0195D0B9A5FF5B4 /* Pods_FoursquarePlaces_FoursquarePlacesUITests.framework in Frameworks */ = {isa = PBXBuildFile; fileRef = 1041D92FD0F980BC57C21D26 /* Pods_FoursquarePlaces_FoursquarePlacesUITests.framework */; };
/* End PBXBuildFile section */

/* Begin PBXContainerItemProxy section */
		13561AA227CAAF7100F4E5F6 /* PBXContainerItemProxy */ = {
			isa = PBXContainerItemProxy;
			containerPortal = 13561A8927CAAF7000F4E5F6 /* Project object */;
			proxyType = 1;
			remoteGlobalIDString = 13561A9027CAAF7000F4E5F6;
			remoteInfo = FoursquarePlaces;
		};
		13561AAC27CAAF7100F4E5F6 /* PBXContainerItemProxy */ = {
			isa = PBXContainerItemProxy;
			containerPortal = 13561A8927CAAF7000F4E5F6 /* Project object */;
			proxyType = 1;
			remoteGlobalIDString = 13561A9027CAAF7000F4E5F6;
			remoteInfo = FoursquarePlaces;
		};
/* End PBXContainerItemProxy section */

/* Begin PBXFileReference section */
		1041D92FD0F980BC57C21D26 /* Pods_FoursquarePlaces_FoursquarePlacesUITests.framework */ = {isa = PBXFileReference; explicitFileType = wrapper.framework; includeInIndex = 0; path = Pods_FoursquarePlaces_FoursquarePlacesUITests.framework; sourceTree = BUILT_PRODUCTS_DIR; };
		1312336B27D3CA2600E6047F /* Reachability.swift */ = {isa = PBXFileReference; lastKnownFileType = sourcecode.swift; path = Reachability.swift; sourceTree = "<group>"; };
		132E4D1D27D0C34C00C4B001 /* URL .swift */ = {isa = PBXFileReference; lastKnownFileType = sourcecode.swift; path = "URL .swift"; sourceTree = "<group>"; };
		132E4D1F27D0C92500C4B001 /* String.swift */ = {isa = PBXFileReference; lastKnownFileType = sourcecode.swift; path = String.swift; sourceTree = "<group>"; };
		132E4D2127D0E4FF00C4B001 /* Hours.swift */ = {isa = PBXFileReference; lastKnownFileType = sourcecode.swift; path = Hours.swift; sourceTree = "<group>"; };
		132E4D2327D0E60500C4B001 /* Photo.swift */ = {isa = PBXFileReference; lastKnownFileType = sourcecode.swift; path = Photo.swift; sourceTree = "<group>"; };
		132E4D2527D0E67C00C4B001 /* SocialMedia.swift */ = {isa = PBXFileReference; lastKnownFileType = sourcecode.swift; path = SocialMedia.swift; sourceTree = "<group>"; };
		13561A9127CAAF7000F4E5F6 /* FoursquarePlaces.app */ = {isa = PBXFileReference; explicitFileType = wrapper.application; includeInIndex = 0; path = FoursquarePlaces.app; sourceTree = BUILT_PRODUCTS_DIR; };
		13561A9427CAAF7000F4E5F6 /* FoursquarePlacesApp.swift */ = {isa = PBXFileReference; lastKnownFileType = sourcecode.swift; path = FoursquarePlacesApp.swift; sourceTree = "<group>"; };
		13561A9627CAAF7000F4E5F6 /* HomeView.swift */ = {isa = PBXFileReference; lastKnownFileType = sourcecode.swift; path = HomeView.swift; sourceTree = "<group>"; };
		13561A9827CAAF7100F4E5F6 /* Assets.xcassets */ = {isa = PBXFileReference; lastKnownFileType = folder.assetcatalog; path = Assets.xcassets; sourceTree = "<group>"; };
		13561A9B27CAAF7100F4E5F6 /* Preview Assets.xcassets */ = {isa = PBXFileReference; lastKnownFileType = folder.assetcatalog; path = "Preview Assets.xcassets"; sourceTree = "<group>"; };
		13561AA127CAAF7100F4E5F6 /* FoursquarePlacesTests.xctest */ = {isa = PBXFileReference; explicitFileType = wrapper.cfbundle; includeInIndex = 0; path = FoursquarePlacesTests.xctest; sourceTree = BUILT_PRODUCTS_DIR; };
		13561AA527CAAF7100F4E5F6 /* FoursquarePlacesTests.swift */ = {isa = PBXFileReference; lastKnownFileType = sourcecode.swift; path = FoursquarePlacesTests.swift; sourceTree = "<group>"; };
		13561AAB27CAAF7100F4E5F6 /* FoursquarePlacesUITests.xctest */ = {isa = PBXFileReference; explicitFileType = wrapper.cfbundle; includeInIndex = 0; path = FoursquarePlacesUITests.xctest; sourceTree = BUILT_PRODUCTS_DIR; };
		13561AAF27CAAF7100F4E5F6 /* FoursquarePlacesUITests.swift */ = {isa = PBXFileReference; lastKnownFileType = sourcecode.swift; path = FoursquarePlacesUITests.swift; sourceTree = "<group>"; };
		13561AB127CAAF7100F4E5F6 /* FoursquarePlacesUITestsLaunchTests.swift */ = {isa = PBXFileReference; lastKnownFileType = sourcecode.swift; path = FoursquarePlacesUITestsLaunchTests.swift; sourceTree = "<group>"; };
		13561AC727CAB29C00F4E5F6 /* AppState.swift */ = {isa = PBXFileReference; lastKnownFileType = sourcecode.swift; path = AppState.swift; sourceTree = "<group>"; };
		13561AC927CAB2AA00F4E5F6 /* PlacesState.swift */ = {isa = PBXFileReference; lastKnownFileType = sourcecode.swift; path = PlacesState.swift; sourceTree = "<group>"; };
		13561ACB27CAB2EA00F4E5F6 /* Place.swift */ = {isa = PBXFileReference; lastKnownFileType = sourcecode.swift; path = Place.swift; sourceTree = "<group>"; };
		13561ACD27CAB33800F4E5F6 /* Categories.swift */ = {isa = PBXFileReference; lastKnownFileType = sourcecode.swift; path = Categories.swift; sourceTree = "<group>"; };
		13561ACF27CAB36400F4E5F6 /* Icon.swift */ = {isa = PBXFileReference; lastKnownFileType = sourcecode.swift; path = Icon.swift; sourceTree = "<group>"; };
		13561AD127CAB3C500F4E5F6 /* Geocode.swift */ = {isa = PBXFileReference; lastKnownFileType = sourcecode.swift; path = Geocode.swift; sourceTree = "<group>"; };
		13561AD327CAB4AC00F4E5F6 /* Location.swift */ = {isa = PBXFileReference; lastKnownFileType = sourcecode.swift; path = Location.swift; sourceTree = "<group>"; };
		13561AD527CAB8A400F4E5F6 /* PlacesActions.swift */ = {isa = PBXFileReference; lastKnownFileType = sourcecode.swift; path = PlacesActions.swift; sourceTree = "<group>"; };
		13561AD727CABD2E00F4E5F6 /* AppReducer.swift */ = {isa = PBXFileReference; lastKnownFileType = sourcecode.swift; path = AppReducer.swift; sourceTree = "<group>"; };
		13561AD927CABE0600F4E5F6 /* PlaceReducer.swift */ = {isa = PBXFileReference; lastKnownFileType = sourcecode.swift; path = PlaceReducer.swift; sourceTree = "<group>"; };
		13561ADF27CAC19300F4E5F6 /* Store.swift */ = {isa = PBXFileReference; lastKnownFileType = sourcecode.swift; path = Store.swift; sourceTree = "<group>"; };
		13565E7B27CB4D9900FE5E01 /* NetworkManager.swift */ = {isa = PBXFileReference; lastKnownFileType = sourcecode.swift; path = NetworkManager.swift; sourceTree = "<group>"; };
		13565E7D27CB4E7C00FE5E01 /* URLRequestBuilder.swift */ = {isa = PBXFileReference; lastKnownFileType = sourcecode.swift; path = URLRequestBuilder.swift; sourceTree = "<group>"; };
		13565E8027CB4EA000FE5E01 /* AppEnvironement.swift */ = {isa = PBXFileReference; lastKnownFileType = sourcecode.swift; path = AppEnvironement.swift; sourceTree = "<group>"; };
		13565E8327CB524100FE5E01 /* PlacesAPIs.swift */ = {isa = PBXFileReference; lastKnownFileType = sourcecode.swift; path = PlacesAPIs.swift; sourceTree = "<group>"; };
		13565E8627CB52D400FE5E01 /* Constants.swift */ = {isa = PBXFileReference; lastKnownFileType = sourcecode.swift; path = Constants.swift; sourceTree = "<group>"; };
		13565E8827CB567E00FE5E01 /* Endpoints.swift */ = {isa = PBXFileReference; lastKnownFileType = sourcecode.swift; path = Endpoints.swift; sourceTree = "<group>"; };
		13565E8A27CB71D300FE5E01 /* PlaceView.swift */ = {isa = PBXFileReference; lastKnownFileType = sourcecode.swift; path = PlaceView.swift; sourceTree = "<group>"; };
		13565E8D27CB962F00FE5E01 /* Vazir-Light.ttf */ = {isa = PBXFileReference; lastKnownFileType = file; path = "Vazir-Light.ttf"; sourceTree = "<group>"; };
		13565E8E27CB962F00FE5E01 /* Vazir-Regular.ttf */ = {isa = PBXFileReference; lastKnownFileType = file; path = "Vazir-Regular.ttf"; sourceTree = "<group>"; };
		13565E8F27CB962F00FE5E01 /* Vazir-Medium.ttf */ = {isa = PBXFileReference; lastKnownFileType = file; path = "Vazir-Medium.ttf"; sourceTree = "<group>"; };
		13565E9027CB962F00FE5E01 /* Vazir-Thin.ttf */ = {isa = PBXFileReference; lastKnownFileType = file; path = "Vazir-Thin.ttf"; sourceTree = "<group>"; };
		13565E9127CB962F00FE5E01 /* Vazir-Bold.ttf */ = {isa = PBXFileReference; lastKnownFileType = file; path = "Vazir-Bold.ttf"; sourceTree = "<group>"; };
		13565E9227CB962F00FE5E01 /* Vazir-Black.ttf */ = {isa = PBXFileReference; lastKnownFileType = file; path = "Vazir-Black.ttf"; sourceTree = "<group>"; };
		13565E9927CB976900FE5E01 /* Info.plist */ = {isa = PBXFileReference; lastKnownFileType = text.plist; path = Info.plist; sourceTree = "<group>"; };
		1377858827D14B6700C3410E /* LocationManager.swift */ = {isa = PBXFileReference; lastKnownFileType = sourcecode.swift; path = LocationManager.swift; sourceTree = "<group>"; };
		1377858A27D162B200C3410E /* LocationState.swift */ = {isa = PBXFileReference; lastKnownFileType = sourcecode.swift; path = LocationState.swift; sourceTree = "<group>"; };
		1377858C27D1633900C3410E /* LocationReducer.swift */ = {isa = PBXFileReference; lastKnownFileType = sourcecode.swift; path = LocationReducer.swift; sourceTree = "<group>"; };
		1377858E27D163A400C3410E /* LocationActions.swift */ = {isa = PBXFileReference; lastKnownFileType = sourcecode.swift; path = LocationActions.swift; sourceTree = "<group>"; };
		1377859627D183F200C3410E /* DatabaseManager.swift */ = {isa = PBXFileReference; lastKnownFileType = sourcecode.swift; path = DatabaseManager.swift; sourceTree = "<group>"; };
		138CEDF427D30D8C00475647 /* PlaceDetailView.swift */ = {isa = PBXFileReference; lastKnownFileType = sourcecode.swift; path = PlaceDetailView.swift; sourceTree = "<group>"; };
		138CEDF627D30DF200475647 /* TipView.swift */ = {isa = PBXFileReference; lastKnownFileType = sourcecode.swift; path = TipView.swift; sourceTree = "<group>"; };
		138CEDF827D30E3200475647 /* Font.swift */ = {isa = PBXFileReference; lastKnownFileType = sourcecode.swift; path = Font.swift; sourceTree = "<group>"; };
		138CEDFC27D30F1D00475647 /* BlurBackground.swift */ = {isa = PBXFileReference; lastKnownFileType = sourcecode.swift; path = BlurBackground.swift; sourceTree = "<group>"; };
		138CEDFE27D30FA500475647 /* PriceClass.swift */ = {isa = PBXFileReference; lastKnownFileType = sourcecode.swift; path = PriceClass.swift; sourceTree = "<group>"; };
		138CEE0227D30FEC00475647 /* MapView.swift */ = {isa = PBXFileReference; lastKnownFileType = sourcecode.swift; path = MapView.swift; sourceTree = "<group>"; };
		138CEE0427D3101500475647 /* StatusView.swift */ = {isa = PBXFileReference; lastKnownFileType = sourcecode.swift; path = StatusView.swift; sourceTree = "<group>"; };
		13C48C8A27D2F6C3002B83E5 /* MyAppDelegate.swift */ = {isa = PBXFileReference; lastKnownFileType = sourcecode.swift; path = MyAppDelegate.swift; sourceTree = "<group>"; };
		498C7BCD78D6DA055EDE1BA5 /* Pods-FoursquarePlacesTests.debug.xcconfig */ = {isa = PBXFileReference; includeInIndex = 1; lastKnownFileType = text.xcconfig; name = "Pods-FoursquarePlacesTests.debug.xcconfig"; path = "Target Support Files/Pods-FoursquarePlacesTests/Pods-FoursquarePlacesTests.debug.xcconfig"; sourceTree = "<group>"; };
		7D04254CB343B43ED45F7B86 /* Pods_FoursquarePlaces.framework */ = {isa = PBXFileReference; explicitFileType = wrapper.framework; includeInIndex = 0; path = Pods_FoursquarePlaces.framework; sourceTree = BUILT_PRODUCTS_DIR; };
		8D67F9225D25F1D07A03AB6F /* Pods-FoursquarePlaces.release.xcconfig */ = {isa = PBXFileReference; includeInIndex = 1; lastKnownFileType = text.xcconfig; name = "Pods-FoursquarePlaces.release.xcconfig"; path = "Target Support Files/Pods-FoursquarePlaces/Pods-FoursquarePlaces.release.xcconfig"; sourceTree = "<group>"; };
		913D9689B831DBA6BBBB7048 /* Pods-FoursquarePlaces-FoursquarePlacesUITests.debug.xcconfig */ = {isa = PBXFileReference; includeInIndex = 1; lastKnownFileType = text.xcconfig; name = "Pods-FoursquarePlaces-FoursquarePlacesUITests.debug.xcconfig"; path = "Target Support Files/Pods-FoursquarePlaces-FoursquarePlacesUITests/Pods-FoursquarePlaces-FoursquarePlacesUITests.debug.xcconfig"; sourceTree = "<group>"; };
		968C17D955763AD244A5CC4A /* Pods-FoursquarePlaces-FoursquarePlacesUITests.release.xcconfig */ = {isa = PBXFileReference; includeInIndex = 1; lastKnownFileType = text.xcconfig; name = "Pods-FoursquarePlaces-FoursquarePlacesUITests.release.xcconfig"; path = "Target Support Files/Pods-FoursquarePlaces-FoursquarePlacesUITests/Pods-FoursquarePlaces-FoursquarePlacesUITests.release.xcconfig"; sourceTree = "<group>"; };
		97706D676AB6573CD9D8B657 /* Pods-FoursquarePlaces.debug.xcconfig */ = {isa = PBXFileReference; includeInIndex = 1; lastKnownFileType = text.xcconfig; name = "Pods-FoursquarePlaces.debug.xcconfig"; path = "Target Support Files/Pods-FoursquarePlaces/Pods-FoursquarePlaces.debug.xcconfig"; sourceTree = "<group>"; };
		AD3DBFF2DB2B25E6C781E3C0 /* Pods-FoursquarePlacesTests.release.xcconfig */ = {isa = PBXFileReference; includeInIndex = 1; lastKnownFileType = text.xcconfig; name = "Pods-FoursquarePlacesTests.release.xcconfig"; path = "Target Support Files/Pods-FoursquarePlacesTests/Pods-FoursquarePlacesTests.release.xcconfig"; sourceTree = "<group>"; };
		C76A034F40E22BC06E2E4899 /* Pods_FoursquarePlacesTests.framework */ = {isa = PBXFileReference; explicitFileType = wrapper.framework; includeInIndex = 0; path = Pods_FoursquarePlacesTests.framework; sourceTree = BUILT_PRODUCTS_DIR; };
/* End PBXFileReference section */

/* Begin PBXFrameworksBuildPhase section */
		13561A8E27CAAF7000F4E5F6 /* Frameworks */ = {
			isa = PBXFrameworksBuildPhase;
			buildActionMask = 2147483647;
			files = (
				13565E7A27CB4D7B00FE5E01 /* SwiftUIFlux in Frameworks */,
				1593BDBFCBE0B8E6AA17F4CC /* Pods_FoursquarePlaces.framework in Frameworks */,
			);
			runOnlyForDeploymentPostprocessing = 0;
		};
		13561A9E27CAAF7100F4E5F6 /* Frameworks */ = {
			isa = PBXFrameworksBuildPhase;
			buildActionMask = 2147483647;
			files = (
				617454122541BBF2617A6D07 /* Pods_FoursquarePlacesTests.framework in Frameworks */,
			);
			runOnlyForDeploymentPostprocessing = 0;
		};
		13561AA827CAAF7100F4E5F6 /* Frameworks */ = {
			isa = PBXFrameworksBuildPhase;
			buildActionMask = 2147483647;
			files = (
				8E03F01EC0195D0B9A5FF5B4 /* Pods_FoursquarePlaces_FoursquarePlacesUITests.framework in Frameworks */,
			);
			runOnlyForDeploymentPostprocessing = 0;
		};
/* End PBXFrameworksBuildPhase section */

/* Begin PBXGroup section */
		132E4D1C27D0C33E00C4B001 /* Extensions */ = {
			isa = PBXGroup;
			children = (
				132E4D1D27D0C34C00C4B001 /* URL .swift */,
				132E4D1F27D0C92500C4B001 /* String.swift */,
				138CEDF827D30E3200475647 /* Font.swift */,
			);
			path = Extensions;
			sourceTree = "<group>";
		};
		13561A8827CAAF7000F4E5F6 = {
			isa = PBXGroup;
			children = (
				13561A9327CAAF7000F4E5F6 /* FoursquarePlaces */,
				13561AA427CAAF7100F4E5F6 /* FoursquarePlacesTests */,
				13561AAE27CAAF7100F4E5F6 /* FoursquarePlacesUITests */,
				13561A9227CAAF7000F4E5F6 /* Products */,
				2864CD74626762CA25E01CBD /* Pods */,
				91F6A8A1D0DF75EC678CA11A /* Frameworks */,
			);
			sourceTree = "<group>";
		};
		13561A9227CAAF7000F4E5F6 /* Products */ = {
			isa = PBXGroup;
			children = (
				13561A9127CAAF7000F4E5F6 /* FoursquarePlaces.app */,
				13561AA127CAAF7100F4E5F6 /* FoursquarePlacesTests.xctest */,
				13561AAB27CAAF7100F4E5F6 /* FoursquarePlacesUITests.xctest */,
			);
			name = Products;
			sourceTree = "<group>";
		};
		13561A9327CAAF7000F4E5F6 /* FoursquarePlaces */ = {
			isa = PBXGroup;
			children = (
				1377859027D1806300C3410E /* Database */,
				1377858727D14B5500C3410E /* Location */,
				132E4D1C27D0C33E00C4B001 /* Extensions */,
				13565E9927CB976900FE5E01 /* Info.plist */,
				13561AE227CAC24A00F4E5F6 /* Network */,
				13561AE127CAC21300F4E5F6 /* Views */,
				13561AC627CAB1B400F4E5F6 /* Model */,
				13561AC527CAB1A500F4E5F6 /* Redux */,
				13561A9427CAAF7000F4E5F6 /* FoursquarePlacesApp.swift */,
				13C48C8A27D2F6C3002B83E5 /* MyAppDelegate.swift */,
				13565E8C27CB962200FE5E01 /* Font */,
				13561A9827CAAF7100F4E5F6 /* Assets.xcassets */,
				13561A9A27CAAF7100F4E5F6 /* Preview Content */,
			);
			path = FoursquarePlaces;
			sourceTree = "<group>";
		};
		13561A9A27CAAF7100F4E5F6 /* Preview Content */ = {
			isa = PBXGroup;
			children = (
				13561A9B27CAAF7100F4E5F6 /* Preview Assets.xcassets */,
			);
			path = "Preview Content";
			sourceTree = "<group>";
		};
		13561AA427CAAF7100F4E5F6 /* FoursquarePlacesTests */ = {
			isa = PBXGroup;
			children = (
				13561AA527CAAF7100F4E5F6 /* FoursquarePlacesTests.swift */,
			);
			path = FoursquarePlacesTests;
			sourceTree = "<group>";
		};
		13561AAE27CAAF7100F4E5F6 /* FoursquarePlacesUITests */ = {
			isa = PBXGroup;
			children = (
				13561AAF27CAAF7100F4E5F6 /* FoursquarePlacesUITests.swift */,
				13561AB127CAAF7100F4E5F6 /* FoursquarePlacesUITestsLaunchTests.swift */,
			);
			path = FoursquarePlacesUITests;
			sourceTree = "<group>";
		};
		13561AC127CAB17A00F4E5F6 /* Actions */ = {
			isa = PBXGroup;
			children = (
				13561AD527CAB8A400F4E5F6 /* PlacesActions.swift */,
				1377858E27D163A400C3410E /* LocationActions.swift */,
			);
			path = Actions;
			sourceTree = "<group>";
		};
		13561AC227CAB18900F4E5F6 /* Middlewares */ = {
			isa = PBXGroup;
			children = (
			);
			path = Middlewares;
			sourceTree = "<group>";
		};
		13561AC327CAB19100F4E5F6 /* Reducers */ = {
			isa = PBXGroup;
			children = (
				13561AD727CABD2E00F4E5F6 /* AppReducer.swift */,
				13561AD927CABE0600F4E5F6 /* PlaceReducer.swift */,
				1377858C27D1633900C3410E /* LocationReducer.swift */,
			);
			path = Reducers;
			sourceTree = "<group>";
		};
		13561AC427CAB1A100F4E5F6 /* State */ = {
			isa = PBXGroup;
			children = (
				13561AC727CAB29C00F4E5F6 /* AppState.swift */,
				13561AC927CAB2AA00F4E5F6 /* PlacesState.swift */,
				1377858A27D162B200C3410E /* LocationState.swift */,
			);
			path = State;
			sourceTree = "<group>";
		};
		13561AC527CAB1A500F4E5F6 /* Redux */ = {
			isa = PBXGroup;
			children = (
				13561ADE27CAC18A00F4E5F6 /* Store */,
				13561AC127CAB17A00F4E5F6 /* Actions */,
				13561AC227CAB18900F4E5F6 /* Middlewares */,
				13561AC327CAB19100F4E5F6 /* Reducers */,
				13561AC427CAB1A100F4E5F6 /* State */,
			);
			path = Redux;
			sourceTree = "<group>";
		};
		13561AC627CAB1B400F4E5F6 /* Model */ = {
			isa = PBXGroup;
			children = (
				13561ACB27CAB2EA00F4E5F6 /* Place.swift */,
				13561ACD27CAB33800F4E5F6 /* Categories.swift */,
				13561ACF27CAB36400F4E5F6 /* Icon.swift */,
				13561AD127CAB3C500F4E5F6 /* Geocode.swift */,
				13561AD327CAB4AC00F4E5F6 /* Location.swift */,
				132E4D2127D0E4FF00C4B001 /* Hours.swift */,
				132E4D2327D0E60500C4B001 /* Photo.swift */,
				132E4D2527D0E67C00C4B001 /* SocialMedia.swift */,
			);
			path = Model;
			sourceTree = "<group>";
		};
		13561ADE27CAC18A00F4E5F6 /* Store */ = {
			isa = PBXGroup;
			children = (
				13561ADF27CAC19300F4E5F6 /* Store.swift */,
			);
			path = Store;
			sourceTree = "<group>";
		};
		13561AE127CAC21300F4E5F6 /* Views */ = {
			isa = PBXGroup;
			children = (
				13561A9627CAAF7000F4E5F6 /* HomeView.swift */,
				13565E8A27CB71D300FE5E01 /* PlaceView.swift */,
				138CEDF427D30D8C00475647 /* PlaceDetailView.swift */,
				138CEDF627D30DF200475647 /* TipView.swift */,
				138CEDFC27D30F1D00475647 /* BlurBackground.swift */,
				138CEDFE27D30FA500475647 /* PriceClass.swift */,
				138CEE0227D30FEC00475647 /* MapView.swift */,
				138CEE0427D3101500475647 /* StatusView.swift */,
			);
			path = Views;
			sourceTree = "<group>";
		};
		13561AE227CAC24A00F4E5F6 /* Network */ = {
			isa = PBXGroup;
			children = (
				13565E8527CB52BD00FE5E01 /* Constants */,
				13565E8227CB523200FE5E01 /* Places */,
				13561AE327CAC2D200F4E5F6 /* Base */,
			);
			path = Network;
			sourceTree = "<group>";
		};
		13561AE327CAC2D200F4E5F6 /* Base */ = {
			isa = PBXGroup;
			children = (
				13565E7B27CB4D9900FE5E01 /* NetworkManager.swift */,
				13565E7D27CB4E7C00FE5E01 /* URLRequestBuilder.swift */,
				13565E8827CB567E00FE5E01 /* Endpoints.swift */,
				1312336B27D3CA2600E6047F /* Reachability.swift */,
			);
			path = Base;
			sourceTree = "<group>";
		};
		13565E8227CB523200FE5E01 /* Places */ = {
			isa = PBXGroup;
			children = (
				13565E8327CB524100FE5E01 /* PlacesAPIs.swift */,
			);
			path = Places;
			sourceTree = "<group>";
		};
		13565E8527CB52BD00FE5E01 /* Constants */ = {
			isa = PBXGroup;
			children = (
				13565E8027CB4EA000FE5E01 /* AppEnvironement.swift */,
				13565E8627CB52D400FE5E01 /* Constants.swift */,
			);
			path = Constants;
			sourceTree = "<group>";
		};
		13565E8C27CB962200FE5E01 /* Font */ = {
			isa = PBXGroup;
			children = (
				13565E9227CB962F00FE5E01 /* Vazir-Black.ttf */,
				13565E9127CB962F00FE5E01 /* Vazir-Bold.ttf */,
				13565E8D27CB962F00FE5E01 /* Vazir-Light.ttf */,
				13565E8F27CB962F00FE5E01 /* Vazir-Medium.ttf */,
				13565E8E27CB962F00FE5E01 /* Vazir-Regular.ttf */,
				13565E9027CB962F00FE5E01 /* Vazir-Thin.ttf */,
			);
			path = Font;
			sourceTree = "<group>";
		};
		1377858727D14B5500C3410E /* Location */ = {
			isa = PBXGroup;
			children = (
				1377858827D14B6700C3410E /* LocationManager.swift */,
			);
			path = Location;
			sourceTree = "<group>";
		};
		1377859027D1806300C3410E /* Database */ = {
			isa = PBXGroup;
			children = (
				1377859627D183F200C3410E /* DatabaseManager.swift */,
			);
			path = Database;
			sourceTree = "<group>";
		};
		2864CD74626762CA25E01CBD /* Pods */ = {
			isa = PBXGroup;
			children = (
				97706D676AB6573CD9D8B657 /* Pods-FoursquarePlaces.debug.xcconfig */,
				8D67F9225D25F1D07A03AB6F /* Pods-FoursquarePlaces.release.xcconfig */,
				913D9689B831DBA6BBBB7048 /* Pods-FoursquarePlaces-FoursquarePlacesUITests.debug.xcconfig */,
				968C17D955763AD244A5CC4A /* Pods-FoursquarePlaces-FoursquarePlacesUITests.release.xcconfig */,
				498C7BCD78D6DA055EDE1BA5 /* Pods-FoursquarePlacesTests.debug.xcconfig */,
				AD3DBFF2DB2B25E6C781E3C0 /* Pods-FoursquarePlacesTests.release.xcconfig */,
			);
			path = Pods;
			sourceTree = "<group>";
		};
		91F6A8A1D0DF75EC678CA11A /* Frameworks */ = {
			isa = PBXGroup;
			children = (
				7D04254CB343B43ED45F7B86 /* Pods_FoursquarePlaces.framework */,
				1041D92FD0F980BC57C21D26 /* Pods_FoursquarePlaces_FoursquarePlacesUITests.framework */,
				C76A034F40E22BC06E2E4899 /* Pods_FoursquarePlacesTests.framework */,
			);
			name = Frameworks;
			sourceTree = "<group>";
		};
/* End PBXGroup section */

/* Begin PBXNativeTarget section */
		13561A9027CAAF7000F4E5F6 /* FoursquarePlaces */ = {
			isa = PBXNativeTarget;
			buildConfigurationList = 13561AB527CAAF7100F4E5F6 /* Build configuration list for PBXNativeTarget "FoursquarePlaces" */;
			buildPhases = (
				AC1F59DA579B00132DDA3B49 /* [CP] Check Pods Manifest.lock */,
				13561A8D27CAAF7000F4E5F6 /* Sources */,
				13561A8E27CAAF7000F4E5F6 /* Frameworks */,
				13561A8F27CAAF7000F4E5F6 /* Resources */,
				20E681EE55B50655AAECC979 /* [CP] Embed Pods Frameworks */,
			);
			buildRules = (
			);
			dependencies = (
			);
			name = FoursquarePlaces;
			packageProductDependencies = (
				13565E7927CB4D7B00FE5E01 /* SwiftUIFlux */,
			);
			productName = FoursquarePlaces;
			productReference = 13561A9127CAAF7000F4E5F6 /* FoursquarePlaces.app */;
			productType = "com.apple.product-type.application";
		};
		13561AA027CAAF7100F4E5F6 /* FoursquarePlacesTests */ = {
			isa = PBXNativeTarget;
			buildConfigurationList = 13561AB827CAAF7100F4E5F6 /* Build configuration list for PBXNativeTarget "FoursquarePlacesTests" */;
			buildPhases = (
				A0863BF68A1AEF9CD52DE254 /* [CP] Check Pods Manifest.lock */,
				13561A9D27CAAF7100F4E5F6 /* Sources */,
				13561A9E27CAAF7100F4E5F6 /* Frameworks */,
				13561A9F27CAAF7100F4E5F6 /* Resources */,
			);
			buildRules = (
			);
			dependencies = (
				13561AA327CAAF7100F4E5F6 /* PBXTargetDependency */,
			);
			name = FoursquarePlacesTests;
			productName = FoursquarePlacesTests;
			productReference = 13561AA127CAAF7100F4E5F6 /* FoursquarePlacesTests.xctest */;
			productType = "com.apple.product-type.bundle.unit-test";
		};
		13561AAA27CAAF7100F4E5F6 /* FoursquarePlacesUITests */ = {
			isa = PBXNativeTarget;
			buildConfigurationList = 13561ABB27CAAF7100F4E5F6 /* Build configuration list for PBXNativeTarget "FoursquarePlacesUITests" */;
			buildPhases = (
				855D052A62938BB0A625FEEE /* [CP] Check Pods Manifest.lock */,
				13561AA727CAAF7100F4E5F6 /* Sources */,
				13561AA827CAAF7100F4E5F6 /* Frameworks */,
				13561AA927CAAF7100F4E5F6 /* Resources */,
				B223E3C8E9B8831F70DEF4CB /* [CP] Embed Pods Frameworks */,
			);
			buildRules = (
			);
			dependencies = (
				13561AAD27CAAF7100F4E5F6 /* PBXTargetDependency */,
			);
			name = FoursquarePlacesUITests;
			productName = FoursquarePlacesUITests;
			productReference = 13561AAB27CAAF7100F4E5F6 /* FoursquarePlacesUITests.xctest */;
			productType = "com.apple.product-type.bundle.ui-testing";
		};
/* End PBXNativeTarget section */

/* Begin PBXProject section */
		13561A8927CAAF7000F4E5F6 /* Project object */ = {
			isa = PBXProject;
			attributes = {
				BuildIndependentTargetsInParallel = 1;
				LastSwiftUpdateCheck = 1320;
				LastUpgradeCheck = 1320;
				TargetAttributes = {
					13561A9027CAAF7000F4E5F6 = {
						CreatedOnToolsVersion = 13.2.1;
					};
					13561AA027CAAF7100F4E5F6 = {
						CreatedOnToolsVersion = 13.2.1;
						TestTargetID = 13561A9027CAAF7000F4E5F6;
					};
					13561AAA27CAAF7100F4E5F6 = {
						CreatedOnToolsVersion = 13.2.1;
						TestTargetID = 13561A9027CAAF7000F4E5F6;
					};
				};
			};
			buildConfigurationList = 13561A8C27CAAF7000F4E5F6 /* Build configuration list for PBXProject "FoursquarePlaces" */;
			compatibilityVersion = "Xcode 13.0";
			developmentRegion = en;
			hasScannedForEncodings = 0;
			knownRegions = (
				en,
				Base,
			);
			mainGroup = 13561A8827CAAF7000F4E5F6;
			packageReferences = (
				13565E7827CB4D7B00FE5E01 /* XCRemoteSwiftPackageReference "SwiftUIFlux" */,
			);
			productRefGroup = 13561A9227CAAF7000F4E5F6 /* Products */;
			projectDirPath = "";
			projectRoot = "";
			targets = (
				13561A9027CAAF7000F4E5F6 /* FoursquarePlaces */,
				13561AA027CAAF7100F4E5F6 /* FoursquarePlacesTests */,
				13561AAA27CAAF7100F4E5F6 /* FoursquarePlacesUITests */,
			);
		};
/* End PBXProject section */

/* Begin PBXResourcesBuildPhase section */
		13561A8F27CAAF7000F4E5F6 /* Resources */ = {
			isa = PBXResourcesBuildPhase;
			buildActionMask = 2147483647;
			files = (
				13565E9427CB962F00FE5E01 /* Vazir-Regular.ttf in Resources */,
				13565E9827CB962F00FE5E01 /* Vazir-Black.ttf in Resources */,
				13561A9C27CAAF7100F4E5F6 /* Preview Assets.xcassets in Resources */,
				13565E9727CB962F00FE5E01 /* Vazir-Bold.ttf in Resources */,
				13565E9627CB962F00FE5E01 /* Vazir-Thin.ttf in Resources */,
				13561A9927CAAF7100F4E5F6 /* Assets.xcassets in Resources */,
				13565E9527CB962F00FE5E01 /* Vazir-Medium.ttf in Resources */,
				13565E9327CB962F00FE5E01 /* Vazir-Light.ttf in Resources */,
			);
			runOnlyForDeploymentPostprocessing = 0;
		};
		13561A9F27CAAF7100F4E5F6 /* Resources */ = {
			isa = PBXResourcesBuildPhase;
			buildActionMask = 2147483647;
			files = (
			);
			runOnlyForDeploymentPostprocessing = 0;
		};
		13561AA927CAAF7100F4E5F6 /* Resources */ = {
			isa = PBXResourcesBuildPhase;
			buildActionMask = 2147483647;
			files = (
			);
			runOnlyForDeploymentPostprocessing = 0;
		};
/* End PBXResourcesBuildPhase section */

/* Begin PBXShellScriptBuildPhase section */
		20E681EE55B50655AAECC979 /* [CP] Embed Pods Frameworks */ = {
			isa = PBXShellScriptBuildPhase;
			buildActionMask = 2147483647;
			files = (
			);
			inputFileListPaths = (
				"${PODS_ROOT}/Target Support Files/Pods-FoursquarePlaces/Pods-FoursquarePlaces-frameworks-${CONFIGURATION}-input-files.xcfilelist",
			);
			name = "[CP] Embed Pods Frameworks";
			outputFileListPaths = (
				"${PODS_ROOT}/Target Support Files/Pods-FoursquarePlaces/Pods-FoursquarePlaces-frameworks-${CONFIGURATION}-output-files.xcfilelist",
			);
			runOnlyForDeploymentPostprocessing = 0;
			shellPath = /bin/sh;
			shellScript = "\"${PODS_ROOT}/Target Support Files/Pods-FoursquarePlaces/Pods-FoursquarePlaces-frameworks.sh\"\n";
			showEnvVarsInLog = 0;
		};
		855D052A62938BB0A625FEEE /* [CP] Check Pods Manifest.lock */ = {
			isa = PBXShellScriptBuildPhase;
			buildActionMask = 2147483647;
			files = (
			);
			inputFileListPaths = (
			);
			inputPaths = (
				"${PODS_PODFILE_DIR_PATH}/Podfile.lock",
				"${PODS_ROOT}/Manifest.lock",
			);
			name = "[CP] Check Pods Manifest.lock";
			outputFileListPaths = (
			);
			outputPaths = (
				"$(DERIVED_FILE_DIR)/Pods-FoursquarePlaces-FoursquarePlacesUITests-checkManifestLockResult.txt",
			);
			runOnlyForDeploymentPostprocessing = 0;
			shellPath = /bin/sh;
			shellScript = "diff \"${PODS_PODFILE_DIR_PATH}/Podfile.lock\" \"${PODS_ROOT}/Manifest.lock\" > /dev/null\nif [ $? != 0 ] ; then\n    # print error to STDERR\n    echo \"error: The sandbox is not in sync with the Podfile.lock. Run 'pod install' or update your CocoaPods installation.\" >&2\n    exit 1\nfi\n# This output is used by Xcode 'outputs' to avoid re-running this script phase.\necho \"SUCCESS\" > \"${SCRIPT_OUTPUT_FILE_0}\"\n";
			showEnvVarsInLog = 0;
		};
		A0863BF68A1AEF9CD52DE254 /* [CP] Check Pods Manifest.lock */ = {
			isa = PBXShellScriptBuildPhase;
			buildActionMask = 2147483647;
			files = (
			);
			inputFileListPaths = (
			);
			inputPaths = (
				"${PODS_PODFILE_DIR_PATH}/Podfile.lock",
				"${PODS_ROOT}/Manifest.lock",
			);
			name = "[CP] Check Pods Manifest.lock";
			outputFileListPaths = (
			);
			outputPaths = (
				"$(DERIVED_FILE_DIR)/Pods-FoursquarePlacesTests-checkManifestLockResult.txt",
			);
			runOnlyForDeploymentPostprocessing = 0;
			shellPath = /bin/sh;
			shellScript = "diff \"${PODS_PODFILE_DIR_PATH}/Podfile.lock\" \"${PODS_ROOT}/Manifest.lock\" > /dev/null\nif [ $? != 0 ] ; then\n    # print error to STDERR\n    echo \"error: The sandbox is not in sync with the Podfile.lock. Run 'pod install' or update your CocoaPods installation.\" >&2\n    exit 1\nfi\n# This output is used by Xcode 'outputs' to avoid re-running this script phase.\necho \"SUCCESS\" > \"${SCRIPT_OUTPUT_FILE_0}\"\n";
			showEnvVarsInLog = 0;
		};
		AC1F59DA579B00132DDA3B49 /* [CP] Check Pods Manifest.lock */ = {
			isa = PBXShellScriptBuildPhase;
			buildActionMask = 2147483647;
			files = (
			);
			inputFileListPaths = (
			);
			inputPaths = (
				"${PODS_PODFILE_DIR_PATH}/Podfile.lock",
				"${PODS_ROOT}/Manifest.lock",
			);
			name = "[CP] Check Pods Manifest.lock";
			outputFileListPaths = (
			);
			outputPaths = (
				"$(DERIVED_FILE_DIR)/Pods-FoursquarePlaces-checkManifestLockResult.txt",
			);
			runOnlyForDeploymentPostprocessing = 0;
			shellPath = /bin/sh;
			shellScript = "diff \"${PODS_PODFILE_DIR_PATH}/Podfile.lock\" \"${PODS_ROOT}/Manifest.lock\" > /dev/null\nif [ $? != 0 ] ; then\n    # print error to STDERR\n    echo \"error: The sandbox is not in sync with the Podfile.lock. Run 'pod install' or update your CocoaPods installation.\" >&2\n    exit 1\nfi\n# This output is used by Xcode 'outputs' to avoid re-running this script phase.\necho \"SUCCESS\" > \"${SCRIPT_OUTPUT_FILE_0}\"\n";
			showEnvVarsInLog = 0;
		};
		B223E3C8E9B8831F70DEF4CB /* [CP] Embed Pods Frameworks */ = {
			isa = PBXShellScriptBuildPhase;
			buildActionMask = 2147483647;
			files = (
			);
			inputFileListPaths = (
				"${PODS_ROOT}/Target Support Files/Pods-FoursquarePlaces-FoursquarePlacesUITests/Pods-FoursquarePlaces-FoursquarePlacesUITests-frameworks-${CONFIGURATION}-input-files.xcfilelist",
			);
			name = "[CP] Embed Pods Frameworks";
			outputFileListPaths = (
				"${PODS_ROOT}/Target Support Files/Pods-FoursquarePlaces-FoursquarePlacesUITests/Pods-FoursquarePlaces-FoursquarePlacesUITests-frameworks-${CONFIGURATION}-output-files.xcfilelist",
			);
			runOnlyForDeploymentPostprocessing = 0;
			shellPath = /bin/sh;
			shellScript = "\"${PODS_ROOT}/Target Support Files/Pods-FoursquarePlaces-FoursquarePlacesUITests/Pods-FoursquarePlaces-FoursquarePlacesUITests-frameworks.sh\"\n";
			showEnvVarsInLog = 0;
		};
/* End PBXShellScriptBuildPhase section */

/* Begin PBXSourcesBuildPhase section */
		13561A8D27CAAF7000F4E5F6 /* Sources */ = {
			isa = PBXSourcesBuildPhase;
			buildActionMask = 2147483647;
			files = (
				1377859727D183F200C3410E /* DatabaseManager.swift in Sources */,
				132E4D2427D0E60500C4B001 /* Photo.swift in Sources */,
				138CEDF927D30E3200475647 /* Font.swift in Sources */,
				13561AC827CAB29C00F4E5F6 /* AppState.swift in Sources */,
				13561AD827CABD2E00F4E5F6 /* AppReducer.swift in Sources */,
				13561AD627CAB8A400F4E5F6 /* PlacesActions.swift in Sources */,
				13565E8427CB524100FE5E01 /* PlacesAPIs.swift in Sources */,
				13561ACA27CAB2AA00F4E5F6 /* PlacesState.swift in Sources */,
				138CEDFD27D30F1D00475647 /* BlurBackground.swift in Sources */,
				138CEDF527D30D8C00475647 /* PlaceDetailView.swift in Sources */,
				13561AD227CAB3C500F4E5F6 /* Geocode.swift in Sources */,
				13561AD027CAB36400F4E5F6 /* Icon.swift in Sources */,
				138CEDF727D30DF200475647 /* TipView.swift in Sources */,
				132E4D1E27D0C34C00C4B001 /* URL .swift in Sources */,
				138CEE0527D3101500475647 /* StatusView.swift in Sources */,
				13565E8127CB4EA000FE5E01 /* AppEnvironement.swift in Sources */,
				138CEE0327D30FEC00475647 /* MapView.swift in Sources */,
				13561AD427CAB4AC00F4E5F6 /* Location.swift in Sources */,
				1377858D27D1633900C3410E /* LocationReducer.swift in Sources */,
				13C48C8B27D2F6C3002B83E5 /* MyAppDelegate.swift in Sources */,
				13561AE027CAC19300F4E5F6 /* Store.swift in Sources */,
				1377858927D14B6700C3410E /* LocationManager.swift in Sources */,
				1377858B27D162B200C3410E /* LocationState.swift in Sources */,
				13561A9727CAAF7000F4E5F6 /* HomeView.swift in Sources */,
				132E4D2027D0C92500C4B001 /* String.swift in Sources */,
				132E4D2627D0E67C00C4B001 /* SocialMedia.swift in Sources */,
				1377858F27D163A400C3410E /* LocationActions.swift in Sources */,
				13561A9527CAAF7000F4E5F6 /* FoursquarePlacesApp.swift in Sources */,
				13565E7C27CB4D9900FE5E01 /* NetworkManager.swift in Sources */,
				13565E7E27CB4E7C00FE5E01 /* URLRequestBuilder.swift in Sources */,
				132E4D2227D0E4FF00C4B001 /* Hours.swift in Sources */,
				1312336C27D3CA2600E6047F /* Reachability.swift in Sources */,
				13565E8927CB567E00FE5E01 /* Endpoints.swift in Sources */,
				13561ACC27CAB2EA00F4E5F6 /* Place.swift in Sources */,
				13561ACE27CAB33800F4E5F6 /* Categories.swift in Sources */,
				138CEDFF27D30FA500475647 /* PriceClass.swift in Sources */,
				13565E8B27CB71D300FE5E01 /* PlaceView.swift in Sources */,
				13561ADA27CABE0600F4E5F6 /* PlaceReducer.swift in Sources */,
				13565E8727CB52D400FE5E01 /* Constants.swift in Sources */,
			);
			runOnlyForDeploymentPostprocessing = 0;
		};
		13561A9D27CAAF7100F4E5F6 /* Sources */ = {
			isa = PBXSourcesBuildPhase;
			buildActionMask = 2147483647;
			files = (
				13561AA627CAAF7100F4E5F6 /* FoursquarePlacesTests.swift in Sources */,
			);
			runOnlyForDeploymentPostprocessing = 0;
		};
		13561AA727CAAF7100F4E5F6 /* Sources */ = {
			isa = PBXSourcesBuildPhase;
			buildActionMask = 2147483647;
			files = (
				13561AB027CAAF7100F4E5F6 /* FoursquarePlacesUITests.swift in Sources */,
				13561AB227CAAF7100F4E5F6 /* FoursquarePlacesUITestsLaunchTests.swift in Sources */,
			);
			runOnlyForDeploymentPostprocessing = 0;
		};
/* End PBXSourcesBuildPhase section */

/* Begin PBXTargetDependency section */
		13561AA327CAAF7100F4E5F6 /* PBXTargetDependency */ = {
			isa = PBXTargetDependency;
			target = 13561A9027CAAF7000F4E5F6 /* FoursquarePlaces */;
			targetProxy = 13561AA227CAAF7100F4E5F6 /* PBXContainerItemProxy */;
		};
		13561AAD27CAAF7100F4E5F6 /* PBXTargetDependency */ = {
			isa = PBXTargetDependency;
			target = 13561A9027CAAF7000F4E5F6 /* FoursquarePlaces */;
			targetProxy = 13561AAC27CAAF7100F4E5F6 /* PBXContainerItemProxy */;
		};
/* End PBXTargetDependency section */

/* Begin XCBuildConfiguration section */
		13561AB327CAAF7100F4E5F6 /* Debug */ = {
			isa = XCBuildConfiguration;
			buildSettings = {
				ALWAYS_SEARCH_USER_PATHS = NO;
				CLANG_ANALYZER_NONNULL = YES;
				CLANG_ANALYZER_NUMBER_OBJECT_CONVERSION = YES_AGGRESSIVE;
				CLANG_CXX_LANGUAGE_STANDARD = "gnu++17";
				CLANG_CXX_LIBRARY = "libc++";
				CLANG_ENABLE_MODULES = YES;
				CLANG_ENABLE_OBJC_ARC = YES;
				CLANG_ENABLE_OBJC_WEAK = YES;
				CLANG_WARN_BLOCK_CAPTURE_AUTORELEASING = YES;
				CLANG_WARN_BOOL_CONVERSION = YES;
				CLANG_WARN_COMMA = YES;
				CLANG_WARN_CONSTANT_CONVERSION = YES;
				CLANG_WARN_DEPRECATED_OBJC_IMPLEMENTATIONS = YES;
				CLANG_WARN_DIRECT_OBJC_ISA_USAGE = YES_ERROR;
				CLANG_WARN_DOCUMENTATION_COMMENTS = YES;
				CLANG_WARN_EMPTY_BODY = YES;
				CLANG_WARN_ENUM_CONVERSION = YES;
				CLANG_WARN_INFINITE_RECURSION = YES;
				CLANG_WARN_INT_CONVERSION = YES;
				CLANG_WARN_NON_LITERAL_NULL_CONVERSION = YES;
				CLANG_WARN_OBJC_IMPLICIT_RETAIN_SELF = YES;
				CLANG_WARN_OBJC_LITERAL_CONVERSION = YES;
				CLANG_WARN_OBJC_ROOT_CLASS = YES_ERROR;
				CLANG_WARN_QUOTED_INCLUDE_IN_FRAMEWORK_HEADER = YES;
				CLANG_WARN_RANGE_LOOP_ANALYSIS = YES;
				CLANG_WARN_STRICT_PROTOTYPES = YES;
				CLANG_WARN_SUSPICIOUS_MOVE = YES;
				CLANG_WARN_UNGUARDED_AVAILABILITY = YES_AGGRESSIVE;
				CLANG_WARN_UNREACHABLE_CODE = YES;
				CLANG_WARN__DUPLICATE_METHOD_MATCH = YES;
				COPY_PHASE_STRIP = NO;
				DEBUG_INFORMATION_FORMAT = dwarf;
				ENABLE_STRICT_OBJC_MSGSEND = YES;
				ENABLE_TESTABILITY = YES;
				GCC_C_LANGUAGE_STANDARD = gnu11;
				GCC_DYNAMIC_NO_PIC = NO;
				GCC_NO_COMMON_BLOCKS = YES;
				GCC_OPTIMIZATION_LEVEL = 0;
				GCC_PREPROCESSOR_DEFINITIONS = (
					"DEBUG=1",
					"$(inherited)",
				);
				GCC_WARN_64_TO_32_BIT_CONVERSION = YES;
				GCC_WARN_ABOUT_RETURN_TYPE = YES_ERROR;
				GCC_WARN_UNDECLARED_SELECTOR = YES;
				GCC_WARN_UNINITIALIZED_AUTOS = YES_AGGRESSIVE;
				GCC_WARN_UNUSED_FUNCTION = YES;
				GCC_WARN_UNUSED_VARIABLE = YES;
				IPHONEOS_DEPLOYMENT_TARGET = 15.2;
				MTL_ENABLE_DEBUG_INFO = INCLUDE_SOURCE;
				MTL_FAST_MATH = YES;
				ONLY_ACTIVE_ARCH = YES;
				SDKROOT = iphoneos;
				SWIFT_ACTIVE_COMPILATION_CONDITIONS = DEBUG;
				SWIFT_OPTIMIZATION_LEVEL = "-Onone";
			};
			name = Debug;
		};
		13561AB427CAAF7100F4E5F6 /* Release */ = {
			isa = XCBuildConfiguration;
			buildSettings = {
				ALWAYS_SEARCH_USER_PATHS = NO;
				CLANG_ANALYZER_NONNULL = YES;
				CLANG_ANALYZER_NUMBER_OBJECT_CONVERSION = YES_AGGRESSIVE;
				CLANG_CXX_LANGUAGE_STANDARD = "gnu++17";
				CLANG_CXX_LIBRARY = "libc++";
				CLANG_ENABLE_MODULES = YES;
				CLANG_ENABLE_OBJC_ARC = YES;
				CLANG_ENABLE_OBJC_WEAK = YES;
				CLANG_WARN_BLOCK_CAPTURE_AUTORELEASING = YES;
				CLANG_WARN_BOOL_CONVERSION = YES;
				CLANG_WARN_COMMA = YES;
				CLANG_WARN_CONSTANT_CONVERSION = YES;
				CLANG_WARN_DEPRECATED_OBJC_IMPLEMENTATIONS = YES;
				CLANG_WARN_DIRECT_OBJC_ISA_USAGE = YES_ERROR;
				CLANG_WARN_DOCUMENTATION_COMMENTS = YES;
				CLANG_WARN_EMPTY_BODY = YES;
				CLANG_WARN_ENUM_CONVERSION = YES;
				CLANG_WARN_INFINITE_RECURSION = YES;
				CLANG_WARN_INT_CONVERSION = YES;
				CLANG_WARN_NON_LITERAL_NULL_CONVERSION = YES;
				CLANG_WARN_OBJC_IMPLICIT_RETAIN_SELF = YES;
				CLANG_WARN_OBJC_LITERAL_CONVERSION = YES;
				CLANG_WARN_OBJC_ROOT_CLASS = YES_ERROR;
				CLANG_WARN_QUOTED_INCLUDE_IN_FRAMEWORK_HEADER = YES;
				CLANG_WARN_RANGE_LOOP_ANALYSIS = YES;
				CLANG_WARN_STRICT_PROTOTYPES = YES;
				CLANG_WARN_SUSPICIOUS_MOVE = YES;
				CLANG_WARN_UNGUARDED_AVAILABILITY = YES_AGGRESSIVE;
				CLANG_WARN_UNREACHABLE_CODE = YES;
				CLANG_WARN__DUPLICATE_METHOD_MATCH = YES;
				COPY_PHASE_STRIP = NO;
				DEBUG_INFORMATION_FORMAT = "dwarf-with-dsym";
				ENABLE_NS_ASSERTIONS = NO;
				ENABLE_STRICT_OBJC_MSGSEND = YES;
				GCC_C_LANGUAGE_STANDARD = gnu11;
				GCC_NO_COMMON_BLOCKS = YES;
				GCC_WARN_64_TO_32_BIT_CONVERSION = YES;
				GCC_WARN_ABOUT_RETURN_TYPE = YES_ERROR;
				GCC_WARN_UNDECLARED_SELECTOR = YES;
				GCC_WARN_UNINITIALIZED_AUTOS = YES_AGGRESSIVE;
				GCC_WARN_UNUSED_FUNCTION = YES;
				GCC_WARN_UNUSED_VARIABLE = YES;
				IPHONEOS_DEPLOYMENT_TARGET = 15.2;
				MTL_ENABLE_DEBUG_INFO = NO;
				MTL_FAST_MATH = YES;
				SDKROOT = iphoneos;
				SWIFT_COMPILATION_MODE = wholemodule;
				SWIFT_OPTIMIZATION_LEVEL = "-O";
				VALIDATE_PRODUCT = YES;
			};
			name = Release;
		};
		13561AB627CAAF7100F4E5F6 /* Debug */ = {
			isa = XCBuildConfiguration;
			baseConfigurationReference = 97706D676AB6573CD9D8B657 /* Pods-FoursquarePlaces.debug.xcconfig */;
			buildSettings = {
				ASSETCATALOG_COMPILER_APPICON_NAME = AppIcon;
				ASSETCATALOG_COMPILER_GLOBAL_ACCENT_COLOR_NAME = AccentColor;
				CODE_SIGN_STYLE = Automatic;
				CURRENT_PROJECT_VERSION = 1;
				DEVELOPMENT_ASSET_PATHS = "\"FoursquarePlaces/Preview Content\"";
				DEVELOPMENT_TEAM = T8D29U4J3F;
				ENABLE_PREVIEWS = YES;
				GENERATE_INFOPLIST_FILE = YES;
				INFOPLIST_FILE = FoursquarePlaces/Info.plist;
				INFOPLIST_KEY_UIApplicationSceneManifest_Generation = YES;
				INFOPLIST_KEY_UIApplicationSupportsIndirectInputEvents = YES;
				INFOPLIST_KEY_UILaunchScreen_Generation = YES;
				INFOPLIST_KEY_UISupportedInterfaceOrientations_iPad = "UIInterfaceOrientationPortrait UIInterfaceOrientationPortraitUpsideDown UIInterfaceOrientationLandscapeLeft UIInterfaceOrientationLandscapeRight";
				INFOPLIST_KEY_UISupportedInterfaceOrientations_iPhone = "UIInterfaceOrientationPortrait UIInterfaceOrientationLandscapeLeft UIInterfaceOrientationLandscapeRight";
				LD_RUNPATH_SEARCH_PATHS = (
					"$(inherited)",
					"@executable_path/Frameworks",
				);
				MARKETING_VERSION = 1.0;
				PRODUCT_BUNDLE_IDENTIFIER = com.hezardastan.foursquare.places.FoursquarePlaces;
				PRODUCT_NAME = "$(TARGET_NAME)";
				SWIFT_EMIT_LOC_STRINGS = YES;
				SWIFT_VERSION = 5.0;
				TARGETED_DEVICE_FAMILY = "1,2";
			};
			name = Debug;
		};
		13561AB727CAAF7100F4E5F6 /* Release */ = {
			isa = XCBuildConfiguration;
			baseConfigurationReference = 8D67F9225D25F1D07A03AB6F /* Pods-FoursquarePlaces.release.xcconfig */;
			buildSettings = {
				ASSETCATALOG_COMPILER_APPICON_NAME = AppIcon;
				ASSETCATALOG_COMPILER_GLOBAL_ACCENT_COLOR_NAME = AccentColor;
				CODE_SIGN_STYLE = Automatic;
				CURRENT_PROJECT_VERSION = 1;
				DEVELOPMENT_ASSET_PATHS = "\"FoursquarePlaces/Preview Content\"";
				DEVELOPMENT_TEAM = T8D29U4J3F;
				ENABLE_PREVIEWS = YES;
				GENERATE_INFOPLIST_FILE = YES;
				INFOPLIST_FILE = FoursquarePlaces/Info.plist;
				INFOPLIST_KEY_UIApplicationSceneManifest_Generation = YES;
				INFOPLIST_KEY_UIApplicationSupportsIndirectInputEvents = YES;
				INFOPLIST_KEY_UILaunchScreen_Generation = YES;
				INFOPLIST_KEY_UISupportedInterfaceOrientations_iPad = "UIInterfaceOrientationPortrait UIInterfaceOrientationPortraitUpsideDown UIInterfaceOrientationLandscapeLeft UIInterfaceOrientationLandscapeRight";
				INFOPLIST_KEY_UISupportedInterfaceOrientations_iPhone = "UIInterfaceOrientationPortrait UIInterfaceOrientationLandscapeLeft UIInterfaceOrientationLandscapeRight";
				LD_RUNPATH_SEARCH_PATHS = (
					"$(inherited)",
					"@executable_path/Frameworks",
				);
				MARKETING_VERSION = 1.0;
				PRODUCT_BUNDLE_IDENTIFIER = com.hezardastan.foursquare.places.FoursquarePlaces;
				PRODUCT_NAME = "$(TARGET_NAME)";
				SWIFT_EMIT_LOC_STRINGS = YES;
				SWIFT_VERSION = 5.0;
				TARGETED_DEVICE_FAMILY = "1,2";
			};
			name = Release;
		};
		13561AB927CAAF7100F4E5F6 /* Debug */ = {
			isa = XCBuildConfiguration;
			baseConfigurationReference = 498C7BCD78D6DA055EDE1BA5 /* Pods-FoursquarePlacesTests.debug.xcconfig */;
			buildSettings = {
				ALWAYS_EMBED_SWIFT_STANDARD_LIBRARIES = YES;
				BUNDLE_LOADER = "$(TEST_HOST)";
				CODE_SIGN_STYLE = Automatic;
				CURRENT_PROJECT_VERSION = 1;
				DEVELOPMENT_TEAM = T8D29U4J3F;
				GENERATE_INFOPLIST_FILE = YES;
				IPHONEOS_DEPLOYMENT_TARGET = 15.2;
				MARKETING_VERSION = 1.0;
				PRODUCT_BUNDLE_IDENTIFIER = com.hezardastan.foursquare.places.FoursquarePlacesTests;
				PRODUCT_NAME = "$(TARGET_NAME)";
				SWIFT_EMIT_LOC_STRINGS = NO;
				SWIFT_VERSION = 5.0;
				TARGETED_DEVICE_FAMILY = "1,2";
				TEST_HOST = "$(BUILT_PRODUCTS_DIR)/FoursquarePlaces.app/FoursquarePlaces";
			};
			name = Debug;
		};
		13561ABA27CAAF7100F4E5F6 /* Release */ = {
			isa = XCBuildConfiguration;
			baseConfigurationReference = AD3DBFF2DB2B25E6C781E3C0 /* Pods-FoursquarePlacesTests.release.xcconfig */;
			buildSettings = {
				ALWAYS_EMBED_SWIFT_STANDARD_LIBRARIES = YES;
				BUNDLE_LOADER = "$(TEST_HOST)";
				CODE_SIGN_STYLE = Automatic;
				CURRENT_PROJECT_VERSION = 1;
				DEVELOPMENT_TEAM = T8D29U4J3F;
				GENERATE_INFOPLIST_FILE = YES;
				IPHONEOS_DEPLOYMENT_TARGET = 15.2;
				MARKETING_VERSION = 1.0;
				PRODUCT_BUNDLE_IDENTIFIER = com.hezardastan.foursquare.places.FoursquarePlacesTests;
				PRODUCT_NAME = "$(TARGET_NAME)";
				SWIFT_EMIT_LOC_STRINGS = NO;
				SWIFT_VERSION = 5.0;
				TARGETED_DEVICE_FAMILY = "1,2";
				TEST_HOST = "$(BUILT_PRODUCTS_DIR)/FoursquarePlaces.app/FoursquarePlaces";
			};
			name = Release;
		};
		13561ABC27CAAF7100F4E5F6 /* Debug */ = {
			isa = XCBuildConfiguration;
			baseConfigurationReference = 913D9689B831DBA6BBBB7048 /* Pods-FoursquarePlaces-FoursquarePlacesUITests.debug.xcconfig */;
			buildSettings = {
				ALWAYS_EMBED_SWIFT_STANDARD_LIBRARIES = YES;
				CODE_SIGN_STYLE = Automatic;
				CURRENT_PROJECT_VERSION = 1;
				DEVELOPMENT_TEAM = T8D29U4J3F;
				GENERATE_INFOPLIST_FILE = YES;
				MARKETING_VERSION = 1.0;
				PRODUCT_BUNDLE_IDENTIFIER = com.hezardastan.foursquare.places.FoursquarePlacesUITests;
				PRODUCT_NAME = "$(TARGET_NAME)";
				SWIFT_EMIT_LOC_STRINGS = NO;
				SWIFT_VERSION = 5.0;
				TARGETED_DEVICE_FAMILY = "1,2";
				TEST_TARGET_NAME = FoursquarePlaces;
			};
			name = Debug;
		};
		13561ABD27CAAF7100F4E5F6 /* Release */ = {
			isa = XCBuildConfiguration;
			baseConfigurationReference = 968C17D955763AD244A5CC4A /* Pods-FoursquarePlaces-FoursquarePlacesUITests.release.xcconfig */;
			buildSettings = {
				ALWAYS_EMBED_SWIFT_STANDARD_LIBRARIES = YES;
				CODE_SIGN_STYLE = Automatic;
				CURRENT_PROJECT_VERSION = 1;
				DEVELOPMENT_TEAM = T8D29U4J3F;
				GENERATE_INFOPLIST_FILE = YES;
				MARKETING_VERSION = 1.0;
				PRODUCT_BUNDLE_IDENTIFIER = com.hezardastan.foursquare.places.FoursquarePlacesUITests;
				PRODUCT_NAME = "$(TARGET_NAME)";
				SWIFT_EMIT_LOC_STRINGS = NO;
				SWIFT_VERSION = 5.0;
				TARGETED_DEVICE_FAMILY = "1,2";
				TEST_TARGET_NAME = FoursquarePlaces;
			};
			name = Release;
		};
/* End XCBuildConfiguration section */

/* Begin XCConfigurationList section */
		13561A8C27CAAF7000F4E5F6 /* Build configuration list for PBXProject "FoursquarePlaces" */ = {
			isa = XCConfigurationList;
			buildConfigurations = (
				13561AB327CAAF7100F4E5F6 /* Debug */,
				13561AB427CAAF7100F4E5F6 /* Release */,
			);
			defaultConfigurationIsVisible = 0;
			defaultConfigurationName = Release;
		};
		13561AB527CAAF7100F4E5F6 /* Build configuration list for PBXNativeTarget "FoursquarePlaces" */ = {
			isa = XCConfigurationList;
			buildConfigurations = (
				13561AB627CAAF7100F4E5F6 /* Debug */,
				13561AB727CAAF7100F4E5F6 /* Release */,
			);
			defaultConfigurationIsVisible = 0;
			defaultConfigurationName = Release;
		};
		13561AB827CAAF7100F4E5F6 /* Build configuration list for PBXNativeTarget "FoursquarePlacesTests" */ = {
			isa = XCConfigurationList;
			buildConfigurations = (
				13561AB927CAAF7100F4E5F6 /* Debug */,
				13561ABA27CAAF7100F4E5F6 /* Release */,
			);
			defaultConfigurationIsVisible = 0;
			defaultConfigurationName = Release;
		};
		13561ABB27CAAF7100F4E5F6 /* Build configuration list for PBXNativeTarget "FoursquarePlacesUITests" */ = {
			isa = XCConfigurationList;
			buildConfigurations = (
				13561ABC27CAAF7100F4E5F6 /* Debug */,
				13561ABD27CAAF7100F4E5F6 /* Release */,
			);
			defaultConfigurationIsVisible = 0;
			defaultConfigurationName = Release;
		};
/* End XCConfigurationList section */

/* Begin XCRemoteSwiftPackageReference section */
		13565E7827CB4D7B00FE5E01 /* XCRemoteSwiftPackageReference "SwiftUIFlux" */ = {
			isa = XCRemoteSwiftPackageReference;
			repositoryURL = "https://github.com/Dimillian/SwiftUIFlux";
			requirement = {
				branch = master;
				kind = branch;
			};
		};
/* End XCRemoteSwiftPackageReference section */

/* Begin XCSwiftPackageProductDependency section */
		13565E7927CB4D7B00FE5E01 /* SwiftUIFlux */ = {
			isa = XCSwiftPackageProductDependency;
			package = 13565E7827CB4D7B00FE5E01 /* XCRemoteSwiftPackageReference "SwiftUIFlux" */;
			productName = SwiftUIFlux;
		};
/* End XCSwiftPackageProductDependency section */
	};
	rootObject = 13561A8927CAAF7000F4E5F6 /* Project object */;
}
